
Microsoft Visual Studio Solution File, Format Version 12.00
# Visual Studio Version 16
VisualStudioVersion = 16.0.33927.289
MinimumVisualStudioVersion = 10.0.40219.1
Project("{2150E333-8FDC-42A3-9474-1A3956D46DE8}") = "Task0", "Task0", "{60926FBB-1A96-4A81-B42E-772FE0BEAD37}"
EndProject
Project("{FAE04EC0-301F-11D3-BF4B-00C04F79EFBC}") = "Tyuiu.PaulikKV.Sprint1.Task0.V20", "Tyuiu.PaulikKV.Sprint1.Task0.V20\Tyuiu.PaulikKV.Sprint1.Task0.V20.csproj", "{6922E291-EB32-4516-B8B8-040907022EF0}"
EndProject
Project("{FAE04EC0-301F-11D3-BF4B-00C04F79EFBC}") = "Tyuiu.PaulikKV.Sprint1.Task0.V20.Lib", "Tyuiu.PaulikKV.Sprint1.Task0.V20.Lib\Tyuiu.PaulikKV.Sprint1.Task0.V20.Lib.csproj", "{D1E36B40-CE8B-4C60-B2E1-E260C8ACDA00}"
EndProject
Project("{FAE04EC0-301F-11D3-BF4B-00C04F79EFBC}") = "Tyuiu.PaulikKV.Sprint1.Task0.V20.Test", "Tyuiu.PaulikKV.Sprint1.Task0.V20.Test\Tyuiu.PaulikKV.Sprint1.Task0.V20.Test.csproj", "{1F7638A1-B064-4495-9C0E-9676545A7F97}"
EndProject
Project("{2150E333-8FDC-42A3-9474-1A3956D46DE8}") = "Task1", "Task1", "{A7DAE681-B4FB-4FBC-87AA-ACB9E81499DD}"
EndProject
Project("{FAE04EC0-301F-11D3-BF4B-00C04F79EFBC}") = "Tyuiu.PaulikKV.Sprint1.Task1.V1", "Tyuiu.PaulikKV.Sprint1.Task1.V1\Tyuiu.PaulikKV.Sprint1.Task1.V1.csproj", "{48860488-62A7-42A1-8CE6-8002C4F9320D}"
EndProject
Project("{FAE04EC0-301F-11D3-BF4B-00C04F79EFBC}") = "Tyuiu.PaulikKV.Sprint1.Task1.V1.Lib", "Tyuiu.PaulikKV.Sprint1.Task1.V1.Lib\Tyuiu.PaulikKV.Sprint1.Task1.V1.Lib.csproj", "{7E039760-E9AC-45D1-8333-6EB0B63F2D31}"
EndProject
Project("{FAE04EC0-301F-11D3-BF4B-00C04F79EFBC}") = "Tyuiu.PaulikKV.Sprint1.Task1.V1.Test", "Tyuiu.PaulikKV.Sprint1.Task1.V1.Test\Tyuiu.PaulikKV.Sprint1.Task1.V1.Test.csproj", "{B6B2EF99-BFCD-4CD5-B039-2B531F912FB9}"
EndProject
Project("{2150E333-8FDC-42A3-9474-1A3956D46DE8}") = "Task2", "Task2", "{1AF4F728-EA11-43CB-ACFD-A4F71A650A87}"
EndProject
Project("{FAE04EC0-301F-11D3-BF4B-00C04F79EFBC}") = "Tyuiu.PaulikKV.Sprint1.Task2.V21", "Tyuiu.PaulikKV.Sprint1.Task2.V21\Tyuiu.PaulikKV.Sprint1.Task2.V21.csproj", "{1092547C-4B46-4D40-B4D3-7405D50DDDEF}"
EndProject
Project("{FAE04EC0-301F-11D3-BF4B-00C04F79EFBC}") = "Tyuiu.PaulikKV.Sprint1.Task2.V21.Lib", "Tyuiu.PaulikKV.Sprint1.Task2.V21.Lib\Tyuiu.PaulikKV.Sprint1.Task2.V21.Lib.csproj", "{CD792F59-0E32-4810-804C-6A0FFE40578A}"
EndProject
Project("{FAE04EC0-301F-11D3-BF4B-00C04F79EFBC}") = "Tyuiu.PaulikKV.Sprint1.Task2.V21.Test", "Tyuiu.PaulikKV.Sprint1.Task2.V21.Test\Tyuiu.PaulikKV.Sprint1.Task2.V21.Test.csproj", "{9230EA04-C10E-46CB-88D7-170879E7DB00}"
EndProject
Project("{2150E333-8FDC-42A3-9474-1A3956D46DE8}") = "Task3", "Task3", "{A7991425-1B71-4586-883E-CEA1659CDEF8}"
EndProject
Project("{FAE04EC0-301F-11D3-BF4B-00C04F79EFBC}") = "Tyuiu.PaulikKV.Sprint1.Task3.V10.Test", "Tyuiu.PaulikKV.Sprint1.Task3.V10.Test\Tyuiu.PaulikKV.Sprint1.Task3.V10.Test.csproj", "{66CDF15A-F3E4-4E27-BD67-D48F63C54AB3}"
EndProject
Project("{FAE04EC0-301F-11D3-BF4B-00C04F79EFBC}") = "Tyuiu.PaulikKV.Sprint1.Task3.V10.Lib", "Tyuiu.PaulikKV.Sprint1.Task3.V10.Lib\Tyuiu.PaulikKV.Sprint1.Task3.V10.Lib.csproj", "{1C7D9D03-2CD7-4A9E-AB46-8DF2330A98CB}"
EndProject
Project("{FAE04EC0-301F-11D3-BF4B-00C04F79EFBC}") = "Tyuiu.PaulikKV.Sprint1.Task3.V10", "Tyuiu.PaulikKV.Sprint1.Task3.V10\Tyuiu.PaulikKV.Sprint1.Task3.V10.csproj", "{30A1A244-3D34-43A5-A72F-0D7E273976CE}"
EndProject
Project("{2150E333-8FDC-42A3-9474-1A3956D46DE8}") = "Task4", "Task4", "{5CFB5707-3D88-4580-BF8D-EBB3CEFF5B70}"
EndProject
Project("{FAE04EC0-301F-11D3-BF4B-00C04F79EFBC}") = "Tyuiu.PaulikKV.Sprint1.Task4.V9", "Tyuiu.PaulikKV.Sprint1.V9\Tyuiu.PaulikKV.Sprint1.Task4.V9.csproj", "{D9A28B23-AABB-4308-AF2A-63613B297AB6}"
EndProject
Project("{FAE04EC0-301F-11D3-BF4B-00C04F79EFBC}") = "Tyuiu.PaulikKV.Sprint1.Task4.V9.Lib", "Tyuiu.PaulikKV.Sprint1.Task4.V9.Lib\Tyuiu.PaulikKV.Sprint1.Task4.V9.Lib.csproj", "{3AC14F48-1031-456D-B602-238F1EF9065A}"
EndProject
Project("{FAE04EC0-301F-11D3-BF4B-00C04F79EFBC}") = "Tyuiu.PaulikKV.Sprint1.Task4.V9.Test", "Tyuiu.PaulikKV.Sprint1.Task4.V9.Test\Tyuiu.PaulikKV.Sprint1.Task4.V9.Test.csproj", "{13C34129-F39E-40A4-AA14-4734776CBBF6}"
EndProject
Project("{2150E333-8FDC-42A3-9474-1A3956D46DE8}") = "Task5", "Task5", "{A263A648-4684-405D-8F6D-3FA71212D715}"
EndProject
Project("{FAE04EC0-301F-11D3-BF4B-00C04F79EFBC}") = "Tyuiu.PaulikKV.Sprint1.Task5.V6.Test", "Tyuiu.PaulikKV.Sprint1.Task5.V6.Test\Tyuiu.PaulikKV.Sprint1.Task5.V6.Test.csproj", "{ADE1891F-900E-433C-8B96-D09953F54565}"
EndProject
Project("{FAE04EC0-301F-11D3-BF4B-00C04F79EFBC}") = "Tyuiu.PaulikKV.Sprint1.Task5.V6.Lib", "Tyuiu.PaulikKV.Sprint1.Task5.V6.Lib\Tyuiu.PaulikKV.Sprint1.Task5.V6.Lib.csproj", "{F66E0999-617F-42F6-819C-328E3FAA0DCD}"
EndProject
Project("{FAE04EC0-301F-11D3-BF4B-00C04F79EFBC}") = "Tyuiu.PaulikKV.Sprint1.Task5.V6", "Tyuiu.PaulikKV.Sprint1.Task5.V6\Tyuiu.PaulikKV.Sprint1.Task5.V6.csproj", "{BE855864-8FD7-43C0-A3AB-5DD12CD18EEB}"
EndProject
Project("{2150E333-8FDC-42A3-9474-1A3956D46DE8}") = "Task6", "Task6", "{DF875206-0106-4601-B01E-49FF798E091A}"
EndProject
Project("{FAE04EC0-301F-11D3-BF4B-00C04F79EFBC}") = "Tyuiu.PaulikKV.Sprint1.Task6.V3", "Tyuiu.PaulikKV.Sprint1.Task6.V3\Tyuiu.PaulikKV.Sprint1.Task6.V3.csproj", "{966FF3F8-FBCA-4873-8952-1FDEE2BB4670}"
EndProject
Project("{FAE04EC0-301F-11D3-BF4B-00C04F79EFBC}") = "Tyuiu.PaulikKV.Sprint1.Task6.V3.Lib", "Tyuiu.PaulikKV.Sprint1.Task6.V3.Lib\Tyuiu.PaulikKV.Sprint1.Task6.V3.Lib.csproj", "{14753A67-72F8-4439-9526-0BBFEE03E957}"
EndProject
Project("{FAE04EC0-301F-11D3-BF4B-00C04F79EFBC}") = "Tyuiu.PaulikKV.Sprint1.Task6.V3.Test", "Tyuiu.PaulikKV.Sprint1.Task6.V3.Test\Tyuiu.PaulikKV.Sprint1.Task6.V3.Test.csproj", "{5433BEE6-D7BE-45FB-BF42-F0877631C569}"
EndProject
Global
	GlobalSection(SolutionConfigurationPlatforms) = preSolution
		Debug|Any CPU = Debug|Any CPU
		Release|Any CPU = Release|Any CPU
	EndGlobalSection
	GlobalSection(ProjectConfigurationPlatforms) = postSolution
		{6922E291-EB32-4516-B8B8-040907022EF0}.Debug|Any CPU.ActiveCfg = Debug|Any CPU
		{6922E291-EB32-4516-B8B8-040907022EF0}.Debug|Any CPU.Build.0 = Debug|Any CPU
		{6922E291-EB32-4516-B8B8-040907022EF0}.Release|Any CPU.ActiveCfg = Release|Any CPU
		{6922E291-EB32-4516-B8B8-040907022EF0}.Release|Any CPU.Build.0 = Release|Any CPU
		{D1E36B40-CE8B-4C60-B2E1-E260C8ACDA00}.Debug|Any CPU.ActiveCfg = Debug|Any CPU
		{D1E36B40-CE8B-4C60-B2E1-E260C8ACDA00}.Debug|Any CPU.Build.0 = Debug|Any CPU
		{D1E36B40-CE8B-4C60-B2E1-E260C8ACDA00}.Release|Any CPU.ActiveCfg = Release|Any CPU
		{D1E36B40-CE8B-4C60-B2E1-E260C8ACDA00}.Release|Any CPU.Build.0 = Release|Any CPU
		{1F7638A1-B064-4495-9C0E-9676545A7F97}.Debug|Any CPU.ActiveCfg = Debug|Any CPU
		{1F7638A1-B064-4495-9C0E-9676545A7F97}.Debug|Any CPU.Build.0 = Debug|Any CPU
		{1F7638A1-B064-4495-9C0E-9676545A7F97}.Release|Any CPU.ActiveCfg = Release|Any CPU
		{1F7638A1-B064-4495-9C0E-9676545A7F97}.Release|Any CPU.Build.0 = Release|Any CPU
		{48860488-62A7-42A1-8CE6-8002C4F9320D}.Debug|Any CPU.ActiveCfg = Debug|Any CPU
		{48860488-62A7-42A1-8CE6-8002C4F9320D}.Debug|Any CPU.Build.0 = Debug|Any CPU
		{48860488-62A7-42A1-8CE6-8002C4F9320D}.Release|Any CPU.ActiveCfg = Release|Any CPU
		{48860488-62A7-42A1-8CE6-8002C4F9320D}.Release|Any CPU.Build.0 = Release|Any CPU
		{7E039760-E9AC-45D1-8333-6EB0B63F2D31}.Debug|Any CPU.ActiveCfg = Debug|Any CPU
		{7E039760-E9AC-45D1-8333-6EB0B63F2D31}.Debug|Any CPU.Build.0 = Debug|Any CPU
		{7E039760-E9AC-45D1-8333-6EB0B63F2D31}.Release|Any CPU.ActiveCfg = Release|Any CPU
		{7E039760-E9AC-45D1-8333-6EB0B63F2D31}.Release|Any CPU.Build.0 = Release|Any CPU
		{B6B2EF99-BFCD-4CD5-B039-2B531F912FB9}.Debug|Any CPU.ActiveCfg = Debug|Any CPU
		{B6B2EF99-BFCD-4CD5-B039-2B531F912FB9}.Debug|Any CPU.Build.0 = Debug|Any CPU
		{B6B2EF99-BFCD-4CD5-B039-2B531F912FB9}.Release|Any CPU.ActiveCfg = Release|Any CPU
		{B6B2EF99-BFCD-4CD5-B039-2B531F912FB9}.Release|Any CPU.Build.0 = Release|Any CPU
		{1092547C-4B46-4D40-B4D3-7405D50DDDEF}.Debug|Any CPU.ActiveCfg = Debug|Any CPU
		{1092547C-4B46-4D40-B4D3-7405D50DDDEF}.Debug|Any CPU.Build.0 = Debug|Any CPU
		{1092547C-4B46-4D40-B4D3-7405D50DDDEF}.Release|Any CPU.ActiveCfg = Release|Any CPU
		{1092547C-4B46-4D40-B4D3-7405D50DDDEF}.Release|Any CPU.Build.0 = Release|Any CPU
		{CD792F59-0E32-4810-804C-6A0FFE40578A}.Debug|Any CPU.ActiveCfg = Debug|Any CPU
		{CD792F59-0E32-4810-804C-6A0FFE40578A}.Debug|Any CPU.Build.0 = Debug|Any CPU
		{CD792F59-0E32-4810-804C-6A0FFE40578A}.Release|Any CPU.ActiveCfg = Release|Any CPU
		{CD792F59-0E32-4810-804C-6A0FFE40578A}.Release|Any CPU.Build.0 = Release|Any CPU
		{9230EA04-C10E-46CB-88D7-170879E7DB00}.Debug|Any CPU.ActiveCfg = Debug|Any CPU
		{9230EA04-C10E-46CB-88D7-170879E7DB00}.Debug|Any CPU.Build.0 = Debug|Any CPU
		{9230EA04-C10E-46CB-88D7-170879E7DB00}.Release|Any CPU.ActiveCfg = Release|Any CPU
		{9230EA04-C10E-46CB-88D7-170879E7DB00}.Release|Any CPU.Build.0 = Release|Any CPU
		{66CDF15A-F3E4-4E27-BD67-D48F63C54AB3}.Debug|Any CPU.ActiveCfg = Debug|Any CPU
		{66CDF15A-F3E4-4E27-BD67-D48F63C54AB3}.Debug|Any CPU.Build.0 = Debug|Any CPU
		{66CDF15A-F3E4-4E27-BD67-D48F63C54AB3}.Release|Any CPU.ActiveCfg = Release|Any CPU
		{66CDF15A-F3E4-4E27-BD67-D48F63C54AB3}.Release|Any CPU.Build.0 = Release|Any CPU
		{1C7D9D03-2CD7-4A9E-AB46-8DF2330A98CB}.Debug|Any CPU.ActiveCfg = Debug|Any CPU
		{1C7D9D03-2CD7-4A9E-AB46-8DF2330A98CB}.Debug|Any CPU.Build.0 = Debug|Any CPU
		{1C7D9D03-2CD7-4A9E-AB46-8DF2330A98CB}.Release|Any CPU.ActiveCfg = Release|Any CPU
		{1C7D9D03-2CD7-4A9E-AB46-8DF2330A98CB}.Release|Any CPU.Build.0 = Release|Any CPU
		{30A1A244-3D34-43A5-A72F-0D7E273976CE}.Debug|Any CPU.ActiveCfg = Debug|Any CPU
		{30A1A244-3D34-43A5-A72F-0D7E273976CE}.Debug|Any CPU.Build.0 = Debug|Any CPU
		{30A1A244-3D34-43A5-A72F-0D7E273976CE}.Release|Any CPU.ActiveCfg = Release|Any CPU
		{30A1A244-3D34-43A5-A72F-0D7E273976CE}.Release|Any CPU.Build.0 = Release|Any CPU
		{D9A28B23-AABB-4308-AF2A-63613B297AB6}.Debug|Any CPU.ActiveCfg = Debug|Any CPU
		{D9A28B23-AABB-4308-AF2A-63613B297AB6}.Debug|Any CPU.Build.0 = Debug|Any CPU
		{D9A28B23-AABB-4308-AF2A-63613B297AB6}.Release|Any CPU.ActiveCfg = Release|Any CPU
		{D9A28B23-AABB-4308-AF2A-63613B297AB6}.Release|Any CPU.Build.0 = Release|Any CPU
		{3AC14F48-1031-456D-B602-238F1EF9065A}.Debug|Any CPU.ActiveCfg = Debug|Any CPU
		{3AC14F48-1031-456D-B602-238F1EF9065A}.Debug|Any CPU.Build.0 = Debug|Any CPU
		{3AC14F48-1031-456D-B602-238F1EF9065A}.Release|Any CPU.ActiveCfg = Release|Any CPU
		{3AC14F48-1031-456D-B602-238F1EF9065A}.Release|Any CPU.Build.0 = Release|Any CPU
		{13C34129-F39E-40A4-AA14-4734776CBBF6}.Debug|Any CPU.ActiveCfg = Debug|Any CPU
		{13C34129-F39E-40A4-AA14-4734776CBBF6}.Debug|Any CPU.Build.0 = Debug|Any CPU
		{13C34129-F39E-40A4-AA14-4734776CBBF6}.Release|Any CPU.ActiveCfg = Release|Any CPU
		{13C34129-F39E-40A4-AA14-4734776CBBF6}.Release|Any CPU.Build.0 = Release|Any CPU
		{ADE1891F-900E-433C-8B96-D09953F54565}.Debug|Any CPU.ActiveCfg = Debug|Any CPU
		{ADE1891F-900E-433C-8B96-D09953F54565}.Debug|Any CPU.Build.0 = Debug|Any CPU
		{ADE1891F-900E-433C-8B96-D09953F54565}.Release|Any CPU.ActiveCfg = Release|Any CPU
		{ADE1891F-900E-433C-8B96-D09953F54565}.Release|Any CPU.Build.0 = Release|Any CPU
		{F66E0999-617F-42F6-819C-328E3FAA0DCD}.Debug|Any CPU.ActiveCfg = Debug|Any CPU
		{F66E0999-617F-42F6-819C-328E3FAA0DCD}.Debug|Any CPU.Build.0 = Debug|Any CPU
		{F66E0999-617F-42F6-819C-328E3FAA0DCD}.Release|Any CPU.ActiveCfg = Release|Any CPU
		{F66E0999-617F-42F6-819C-328E3FAA0DCD}.Release|Any CPU.Build.0 = Release|Any CPU
		{BE855864-8FD7-43C0-A3AB-5DD12CD18EEB}.Debug|Any CPU.ActiveCfg = Debug|Any CPU
		{BE855864-8FD7-43C0-A3AB-5DD12CD18EEB}.Debug|Any CPU.Build.0 = Debug|Any CPU
		{BE855864-8FD7-43C0-A3AB-5DD12CD18EEB}.Release|Any CPU.ActiveCfg = Release|Any CPU
		{BE855864-8FD7-43C0-A3AB-5DD12CD18EEB}.Release|Any CPU.Build.0 = Release|Any CPU
		{966FF3F8-FBCA-4873-8952-1FDEE2BB4670}.Debug|Any CPU.ActiveCfg = Debug|Any CPU
		{966FF3F8-FBCA-4873-8952-1FDEE2BB4670}.Debug|Any CPU.Build.0 = Debug|Any CPU
		{966FF3F8-FBCA-4873-8952-1FDEE2BB4670}.Release|Any CPU.ActiveCfg = Release|Any CPU
		{966FF3F8-FBCA-4873-8952-1FDEE2BB4670}.Release|Any CPU.Build.0 = Release|Any CPU
		{14753A67-72F8-4439-9526-0BBFEE03E957}.Debug|Any CPU.ActiveCfg = Debug|Any CPU
		{14753A67-72F8-4439-9526-0BBFEE03E957}.Debug|Any CPU.Build.0 = Debug|Any CPU
		{14753A67-72F8-4439-9526-0BBFEE03E957}.Release|Any CPU.ActiveCfg = Release|Any CPU
		{14753A67-72F8-4439-9526-0BBFEE03E957}.Release|Any CPU.Build.0 = Release|Any CPU
		{5433BEE6-D7BE-45FB-BF42-F0877631C569}.Debug|Any CPU.ActiveCfg = Debug|Any CPU
		{5433BEE6-D7BE-45FB-BF42-F0877631C569}.Debug|Any CPU.Build.0 = Debug|Any CPU
		{5433BEE6-D7BE-45FB-BF42-F0877631C569}.Release|Any CPU.ActiveCfg = Release|Any CPU
		{5433BEE6-D7BE-45FB-BF42-F0877631C569}.Release|Any CPU.Build.0 = Release|Any CPU
	EndGlobalSection
	GlobalSection(SolutionProperties) = preSolution
		HideSolutionNode = FALSE
	EndGlobalSection
	GlobalSection(NestedProjects) = preSolution
		{6922E291-EB32-4516-B8B8-040907022EF0} = {60926FBB-1A96-4A81-B42E-772FE0BEAD37}
		{D1E36B40-CE8B-4C60-B2E1-E260C8ACDA00} = {60926FBB-1A96-4A81-B42E-772FE0BEAD37}
		{1F7638A1-B064-4495-9C0E-9676545A7F97} = {60926FBB-1A96-4A81-B42E-772FE0BEAD37}
		{48860488-62A7-42A1-8CE6-8002C4F9320D} = {A7DAE681-B4FB-4FBC-87AA-ACB9E81499DD}
		{7E039760-E9AC-45D1-8333-6EB0B63F2D31} = {A7DAE681-B4FB-4FBC-87AA-ACB9E81499DD}
		{B6B2EF99-BFCD-4CD5-B039-2B531F912FB9} = {A7DAE681-B4FB-4FBC-87AA-ACB9E81499DD}
		{1092547C-4B46-4D40-B4D3-7405D50DDDEF} = {1AF4F728-EA11-43CB-ACFD-A4F71A650A87}
		{CD792F59-0E32-4810-804C-6A0FFE40578A} = {1AF4F728-EA11-43CB-ACFD-A4F71A650A87}
		{9230EA04-C10E-46CB-88D7-170879E7DB00} = {1AF4F728-EA11-43CB-ACFD-A4F71A650A87}
		{66CDF15A-F3E4-4E27-BD67-D48F63C54AB3} = {A7991425-1B71-4586-883E-CEA1659CDEF8}
		{1C7D9D03-2CD7-4A9E-AB46-8DF2330A98CB} = {A7991425-1B71-4586-883E-CEA1659CDEF8}
		{30A1A244-3D34-43A5-A72F-0D7E273976CE} = {A7991425-1B71-4586-883E-CEA1659CDEF8}
		{D9A28B23-AABB-4308-AF2A-63613B297AB6} = {5CFB5707-3D88-4580-BF8D-EBB3CEFF5B70}
		{3AC14F48-1031-456D-B602-238F1EF9065A} = {5CFB5707-3D88-4580-BF8D-EBB3CEFF5B70}
		{13C34129-F39E-40A4-AA14-4734776CBBF6} = {5CFB5707-3D88-4580-BF8D-EBB3CEFF5B70}
		{ADE1891F-900E-433C-8B96-D09953F54565} = {A263A648-4684-405D-8F6D-3FA71212D715}
		{F66E0999-617F-42F6-819C-328E3FAA0DCD} = {A263A648-4684-405D-8F6D-3FA71212D715}
		{BE855864-8FD7-43C0-A3AB-5DD12CD18EEB} = {A263A648-4684-405D-8F6D-3FA71212D715}
		{966FF3F8-FBCA-4873-8952-1FDEE2BB4670} = {DF875206-0106-4601-B01E-49FF798E091A}
		{14753A67-72F8-4439-9526-0BBFEE03E957} = {DF875206-0106-4601-B01E-49FF798E091A}
		{5433BEE6-D7BE-45FB-BF42-F0877631C569} = {DF875206-0106-4601-B01E-49FF798E091A}
	EndGlobalSection
	GlobalSection(ExtensibilityGlobals) = postSolution
		SolutionGuid = {708F835B-36CE-4673-99BE-1877DAE6D49E}
	EndGlobalSection
EndGlobal
